
Microsoft Visual Studio Solution File, Format Version 12.00
# Visual Studio Version 17
VisualStudioVersion = 17.6.33723.286
MinimumVisualStudioVersion = 10.0.40219.1
Project("{9A19103F-16F7-4668-BE54-9A1E7A4F7556}") = "ActiveJobs", "ActiveJobs.csproj", "{D7B6B43D-CB07-4418-9887-3A2E543B467B}"
EndProject
Project("{9A19103F-16F7-4668-BE54-9A1E7A4F7556}") = "Application", "..\Application\Application.csproj", "{06C58E05-1DDE-4120-BA59-BA350028E798}"
EndProject
Project("{9A19103F-16F7-4668-BE54-9A1E7A4F7556}") = "CrossCutting", "..\CrossCutting\CrossCutting.csproj", "{8488C143-4D34-438A-B4D4-B36DE9EE3268}"
EndProject
Project("{9A19103F-16F7-4668-BE54-9A1E7A4F7556}") = "Domain", "..\Domain\Domain.csproj", "{3450737B-F03C-4AB7-BF12-5CF19B116B66}"
EndProject
Project("{9A19103F-16F7-4668-BE54-9A1E7A4F7556}") = "Infrastructure", "..\Infrastructure\Infrastructure.csproj", "{64419F37-8ED1-4DD7-8103-1DF715FA0A99}"
EndProject
Global
	GlobalSection(SolutionConfigurationPlatforms) = preSolution
		Debug|Any CPU = Debug|Any CPU
		Release|Any CPU = Release|Any CPU
	EndGlobalSection
	GlobalSection(ProjectConfigurationPlatforms) = postSolution
		{D7B6B43D-CB07-4418-9887-3A2E543B467B}.Debug|Any CPU.ActiveCfg = Debug|Any CPU
		{D7B6B43D-CB07-4418-9887-3A2E543B467B}.Debug|Any CPU.Build.0 = Debug|Any CPU
		{D7B6B43D-CB07-4418-9887-3A2E543B467B}.Release|Any CPU.ActiveCfg = Release|Any CPU
		{D7B6B43D-CB07-4418-9887-3A2E543B467B}.Release|Any CPU.Build.0 = Release|Any CPU
		{06C58E05-1DDE-4120-BA59-BA350028E798}.Debug|Any CPU.ActiveCfg = Debug|Any CPU
		{06C58E05-1DDE-4120-BA59-BA350028E798}.Debug|Any CPU.Build.0 = Debug|Any CPU
		{06C58E05-1DDE-4120-BA59-BA350028E798}.Release|Any CPU.ActiveCfg = Release|Any CPU
		{06C58E05-1DDE-4120-BA59-BA350028E798}.Release|Any CPU.Build.0 = Release|Any CPU
		{8488C143-4D34-438A-B4D4-B36DE9EE3268}.Debug|Any CPU.ActiveCfg = Debug|Any CPU
		{8488C143-4D34-438A-B4D4-B36DE9EE3268}.Debug|Any CPU.Build.0 = Debug|Any CPU
		{8488C143-4D34-438A-B4D4-B36DE9EE3268}.Release|Any CPU.ActiveCfg = Release|Any CPU
		{8488C143-4D34-438A-B4D4-B36DE9EE3268}.Release|Any CPU.Build.0 = Release|Any CPU
		{3450737B-F03C-4AB7-BF12-5CF19B116B66}.Debug|Any CPU.ActiveCfg = Debug|Any CPU
		{3450737B-F03C-4AB7-BF12-5CF19B116B66}.Debug|Any CPU.Build.0 = Debug|Any CPU
		{3450737B-F03C-4AB7-BF12-5CF19B116B66}.Release|Any CPU.ActiveCfg = Release|Any CPU
		{3450737B-F03C-4AB7-BF12-5CF19B116B66}.Release|Any CPU.Build.0 = Release|Any CPU
		{64419F37-8ED1-4DD7-8103-1DF715FA0A99}.Debug|Any CPU.ActiveCfg = Debug|Any CPU
		{64419F37-8ED1-4DD7-8103-1DF715FA0A99}.Debug|Any CPU.Build.0 = Debug|Any CPU
		{64419F37-8ED1-4DD7-8103-1DF715FA0A99}.Release|Any CPU.ActiveCfg = Release|Any CPU
		{64419F37-8ED1-4DD7-8103-1DF715FA0A99}.Release|Any CPU.Build.0 = Release|Any CPU
	EndGlobalSection
	GlobalSection(SolutionProperties) = preSolution
		HideSolutionNode = FALSE
	EndGlobalSection
	GlobalSection(ExtensibilityGlobals) = postSolution
		SolutionGuid = {DC75F225-DBEC-43A3-97DE-C514030EB6CA}
	EndGlobalSection
EndGlobal
